{
    "version": 3,
    "terraform_version": "0.8.8",
    "serial": 35,
    "lineage": "ab5526f0-483f-4041-b246-34fcc631add0",
    "modules": [
        {
            "path": [
                "root"
            ],
            "outputs": {},
            "resources": {},
            "depends_on": []
        },
        {
            "path": [
                "root",
                "cluster1"
            ],
            "outputs": {
                "server_address": {
                    "sensitive": false,
                    "type": "string",
                    "value": "10.132.0.4"
                }
            },
            "resources": {
                "google_compute_firewall.gcloud-firewall1": {
                    "type": "google_compute_firewall",
                    "depends_on": [],
                    "primary": {
                        "id": "gcloud1-internal-access",
                        "attributes": {
                            "allow.#": "1",
                            "allow.1096107593.ports.#": "4",
                            "allow.1096107593.ports.0": "8300",
                            "allow.1096107593.ports.1": "8301",
                            "allow.1096107593.ports.2": "8302",
                            "allow.1096107593.ports.3": "8400",
                            "allow.1096107593.protocol": "tcp",
                            "description": "",
                            "id": "gcloud1-internal-access",
                            "name": "gcloud1-internal-access",
                            "network": "default",
                            "project": "trek-treckr-161600",
                            "self_link": "https://www.googleapis.com/compute/v1/projects/trek-treckr-161600/global/firewalls/gcloud1-internal-access",
                            "source_ranges.#": "0",
                            "source_tags.#": "1",
                            "source_tags.1626319322": "gcloud1",
                            "target_tags.#": "1",
                            "target_tags.1626319322": "gcloud1"
                        },
                        "meta": {
                            "schema_version": "1"
                        },
                        "tainted": false
                    },
                    "deposed": [],
                    "provider": ""
                },
                "google_compute_instance.gcloud-cluster.0": {
                    "type": "google_compute_instance",
                    "depends_on": [],
                    "primary": {
                        "id": "gcloud1-0",
                        "attributes": {
                            "can_ip_forward": "false",
                            "create_timeout": "4",
                            "disk.#": "1",
                            "disk.0.auto_delete": "true",
                            "disk.0.device_name": "",
                            "disk.0.disk": "",
                            "disk.0.disk_encryption_key_raw": "",
                            "disk.0.disk_encryption_key_sha256": "",
                            "disk.0.image": "centos-cloud/centos-7",
                            "disk.0.scratch": "false",
                            "disk.0.size": "0",
                            "disk.0.type": "",
                            "id": "gcloud1-0",
                            "machine_type": "g1-small",
                            "metadata.%": "0",
                            "metadata_fingerprint": "c-rwVrhNCpQ=",
                            "name": "gcloud1-0",
                            "network.#": "0",
                            "network_interface.#": "1",
                            "network_interface.0.access_config.#": "1",
                            "network_interface.0.access_config.0.assigned_nat_ip": "104.155.55.99",
                            "network_interface.0.access_config.0.nat_ip": "",
                            "network_interface.0.address": "10.132.0.4",
                            "network_interface.0.name": "nic0",
                            "network_interface.0.network": "default",
                            "network_interface.0.subnetwork": "",
                            "network_interface.0.subnetwork_project": "",
                            "self_link": "https://www.googleapis.com/compute/v1/projects/trek-treckr-161600/zones/europe-west1-c/instances/gcloud1-0",
                            "service_account.#": "1",
                            "service_account.0.email": "299951893052-compute@developer.gserviceaccount.com",
                            "service_account.0.scopes.#": "1",
                            "service_account.0.scopes.2862113455": "https://www.googleapis.com/auth/compute.readonly",
                            "tags.#": "1",
                            "tags.1626319322": "gcloud1",
                            "tags_fingerprint": "Wf_wEKRBosQ=",
                            "zone": "europe-west1-c"
                        },
                        "meta": {
                            "schema_version": "2"
                        },
                        "tainted": true
                    },
                    "deposed": [],
                    "provider": ""
                }
            },
            "depends_on": []
        },
        {
            "path": [
                "root",
                "cluster2"
            ],
            "outputs": {
                "server_address": {
                    "sensitive": false,
                    "type": "string",
                    "value": "10.132.0.3"
                }
            },
            "resources": {
                "google_compute_firewall.gcloud-firewall2": {
                    "type": "google_compute_firewall",
                    "depends_on": [],
                    "primary": {
                        "id": "gcloud2-internal-access",
                        "attributes": {
                            "allow.#": "1",
                            "allow.1096107593.ports.#": "4",
                            "allow.1096107593.ports.0": "8300",
                            "allow.1096107593.ports.1": "8301",
                            "allow.1096107593.ports.2": "8302",
                            "allow.1096107593.ports.3": "8400",
                            "allow.1096107593.protocol": "tcp",
                            "description": "",
                            "id": "gcloud2-internal-access",
                            "name": "gcloud2-internal-access",
                            "network": "default",
                            "project": "trek-treckr-161600",
                            "self_link": "https://www.googleapis.com/compute/v1/projects/trek-treckr-161600/global/firewalls/gcloud2-internal-access",
                            "source_ranges.#": "0",
                            "source_tags.#": "1",
                            "source_tags.4192663648": "gcloud2",
                            "target_tags.#": "1",
                            "target_tags.4192663648": "gcloud2"
                        },
                        "meta": {
                            "schema_version": "1"
                        },
                        "tainted": false
                    },
                    "deposed": [],
                    "provider": ""
                },
                "google_compute_instance.gcloud-cluster.0": {
                    "type": "google_compute_instance",
                    "depends_on": [],
                    "primary": {
                        "id": "gcloud2-0",
                        "attributes": {
                            "can_ip_forward": "false",
                            "create_timeout": "4",
                            "disk.#": "1",
                            "disk.0.auto_delete": "true",
                            "disk.0.device_name": "",
                            "disk.0.disk": "",
                            "disk.0.disk_encryption_key_raw": "",
                            "disk.0.disk_encryption_key_sha256": "",
                            "disk.0.image": "centos-cloud/centos-7",
                            "disk.0.scratch": "false",
                            "disk.0.size": "0",
                            "disk.0.type": "",
                            "id": "gcloud2-0",
                            "machine_type": "f1-micro",
                            "metadata.%": "0",
                            "metadata_fingerprint": "c-rwVrhNCpQ=",
                            "name": "gcloud2-0",
                            "network.#": "0",
                            "network_interface.#": "1",
                            "network_interface.0.access_config.#": "1",
                            "network_interface.0.access_config.0.assigned_nat_ip": "104.155.101.86",
                            "network_interface.0.access_config.0.nat_ip": "",
                            "network_interface.0.address": "10.132.0.3",
                            "network_interface.0.name": "nic0",
                            "network_interface.0.network": "default",
                            "network_interface.0.subnetwork": "",
                            "network_interface.0.subnetwork_project": "",
                            "self_link": "https://www.googleapis.com/compute/v1/projects/trek-treckr-161600/zones/europe-west1-c/instances/gcloud2-0",
                            "service_account.#": "1",
                            "service_account.0.email": "299951893052-compute@developer.gserviceaccount.com",
                            "service_account.0.scopes.#": "1",
                            "service_account.0.scopes.2862113455": "https://www.googleapis.com/auth/compute.readonly",
                            "tags.#": "1",
                            "tags.4192663648": "gcloud2",
                            "tags_fingerprint": "cVtX-aXE3zQ=",
                            "zone": "europe-west1-c"
                        },
                        "meta": {
                            "schema_version": "2"
                        },
                        "tainted": false
                    },
                    "deposed": [],
                    "provider": ""
                },
                "google_compute_instance.gcloud-cluster.1": {
                    "type": "google_compute_instance",
                    "depends_on": [],
                    "primary": {
                        "id": "gcloud2-1",
                        "attributes": {
                            "can_ip_forward": "false",
                            "create_timeout": "4",
                            "disk.#": "1",
                            "disk.0.auto_delete": "true",
                            "disk.0.device_name": "",
                            "disk.0.disk": "",
                            "disk.0.disk_encryption_key_raw": "",
                            "disk.0.disk_encryption_key_sha256": "",
                            "disk.0.image": "centos-cloud/centos-7",
                            "disk.0.scratch": "false",
                            "disk.0.size": "0",
                            "disk.0.type": "",
                            "id": "gcloud2-1",
                            "machine_type": "f1-micro",
                            "metadata.%": "0",
                            "metadata_fingerprint": "c-rwVrhNCpQ=",
                            "name": "gcloud2-1",
                            "network.#": "0",
                            "network_interface.#": "1",
                            "network_interface.0.access_config.#": "1",
                            "network_interface.0.access_config.0.assigned_nat_ip": "104.155.20.198",
                            "network_interface.0.access_config.0.nat_ip": "",
                            "network_interface.0.address": "10.132.0.2",
                            "network_interface.0.name": "nic0",
                            "network_interface.0.network": "default",
                            "network_interface.0.subnetwork": "",
                            "network_interface.0.subnetwork_project": "",
                            "self_link": "https://www.googleapis.com/compute/v1/projects/trek-treckr-161600/zones/europe-west1-c/instances/gcloud2-1",
                            "service_account.#": "1",
                            "service_account.0.email": "299951893052-compute@developer.gserviceaccount.com",
                            "service_account.0.scopes.#": "1",
                            "service_account.0.scopes.2862113455": "https://www.googleapis.com/auth/compute.readonly",
                            "tags.#": "1",
                            "tags.4192663648": "gcloud2",
                            "tags_fingerprint": "cVtX-aXE3zQ=",
                            "zone": "europe-west1-c"
                        },
                        "meta": {
                            "schema_version": "2"
                        },
                        "tainted": false
                    },
                    "deposed": [],
                    "provider": ""
                }
            },
            "depends_on": []
        }
    ]
}
