{
    "version": 3,
    "terraform_version": "0.8.8",
    "serial": 14,
    "lineage": "b2ce1733-6639-461b-a402-fca0a375a241",
    "modules": [
        {
            "path": [
                "root"
            ],
            "outputs": {
                "address": {
                    "sensitive": false,
                    "type": "string",
                    "value": "test"
                }
            },
            "resources": {
                "google_compute_instance.maquina1": {
                    "type": "google_compute_instance",
                    "depends_on": [],
                    "primary": {
                        "id": "test",
                        "attributes": {
                            "can_ip_forward": "false",
                            "create_timeout": "4",
                            "disk.#": "2",
                            "disk.0.auto_delete": "true",
                            "disk.0.device_name": "",
                            "disk.0.disk": "",
                            "disk.0.disk_encryption_key_raw": "",
                            "disk.0.disk_encryption_key_sha256": "",
                            "disk.0.image": "centos-7",
                            "disk.0.scratch": "false",
                            "disk.0.size": "0",
                            "disk.0.type": "",
                            "disk.1.auto_delete": "true",
                            "disk.1.device_name": "",
                            "disk.1.disk": "",
                            "disk.1.disk_encryption_key_raw": "",
                            "disk.1.disk_encryption_key_sha256": "",
                            "disk.1.image": "",
                            "disk.1.scratch": "true",
                            "disk.1.size": "0",
                            "disk.1.type": "local-ssd",
                            "id": "test",
                            "machine_type": "n1-standard-1",
                            "metadata.%": "1",
                            "metadata.foo": "bar",
                            "metadata_fingerprint": "FPxXUf9k514=",
                            "metadata_startup_script": "echo hi \u003e /test.txt",
                            "name": "test",
                            "network.#": "0",
                            "network_interface.#": "1",
                            "network_interface.0.access_config.#": "1",
                            "network_interface.0.access_config.0.assigned_nat_ip": "35.187.39.52",
                            "network_interface.0.access_config.0.nat_ip": "",
                            "network_interface.0.address": "10.132.0.2",
                            "network_interface.0.name": "nic0",
                            "network_interface.0.network": "default",
                            "network_interface.0.subnetwork": "",
                            "network_interface.0.subnetwork_project": "",
                            "self_link": "https://www.googleapis.com/compute/v1/projects/trek-treckr-161600/zones/europe-west1-c/instances/test",
                            "service_account.#": "1",
                            "service_account.0.email": "299951893052-compute@developer.gserviceaccount.com",
                            "service_account.0.scopes.#": "3",
                            "service_account.0.scopes.1328717722": "https://www.googleapis.com/auth/devstorage.read_write",
                            "service_account.0.scopes.2428168921": "https://www.googleapis.com/auth/userinfo.email",
                            "service_account.0.scopes.299962681": "https://www.googleapis.com/auth/compute",
                            "tags.#": "2",
                            "tags.1996459178": "bar",
                            "tags.2356372769": "foo",
                            "tags_fingerprint": "1gqCRgrww4E=",
                            "zone": "europe-west1-c"
                        },
                        "meta": {
                            "schema_version": "2"
                        },
                        "tainted": false
                    },
                    "deposed": [],
                    "provider": ""
                },
                "google_compute_instance.maquina2": {
                    "type": "google_compute_instance",
                    "depends_on": [
                        "google_compute_instance.maquina1"
                    ],
                    "primary": {
                        "id": "test1",
                        "attributes": {
                            "can_ip_forward": "false",
                            "create_timeout": "4",
                            "disk.#": "1",
                            "disk.0.auto_delete": "true",
                            "disk.0.device_name": "",
                            "disk.0.disk": "",
                            "disk.0.disk_encryption_key_raw": "",
                            "disk.0.disk_encryption_key_sha256": "",
                            "disk.0.image": "centos-7",
                            "disk.0.scratch": "false",
                            "disk.0.size": "0",
                            "disk.0.type": "",
                            "id": "test1",
                            "machine_type": "n1-standard-1",
                            "metadata.%": "1",
                            "metadata.foo": "bar",
                            "metadata_fingerprint": "FPxXUf9k514=",
                            "metadata_startup_script": "echo hi \u003e /test.txt",
                            "name": "test1",
                            "network.#": "0",
                            "network_interface.#": "1",
                            "network_interface.0.access_config.#": "1",
                            "network_interface.0.access_config.0.assigned_nat_ip": "35.187.48.184",
                            "network_interface.0.access_config.0.nat_ip": "",
                            "network_interface.0.address": "10.132.0.3",
                            "network_interface.0.name": "nic0",
                            "network_interface.0.network": "default",
                            "network_interface.0.subnetwork": "",
                            "network_interface.0.subnetwork_project": "",
                            "self_link": "https://www.googleapis.com/compute/v1/projects/trek-treckr-161600/zones/europe-west1-c/instances/test1",
                            "service_account.#": "1",
                            "service_account.0.email": "299951893052-compute@developer.gserviceaccount.com",
                            "service_account.0.scopes.#": "3",
                            "service_account.0.scopes.1328717722": "https://www.googleapis.com/auth/devstorage.read_write",
                            "service_account.0.scopes.2428168921": "https://www.googleapis.com/auth/userinfo.email",
                            "service_account.0.scopes.299962681": "https://www.googleapis.com/auth/compute",
                            "tags_fingerprint": "42WmSpB8rSM=",
                            "zone": "europe-west1-c"
                        },
                        "meta": {
                            "schema_version": "2"
                        },
                        "tainted": false
                    },
                    "deposed": [],
                    "provider": ""
                }
            },
            "depends_on": []
        }
    ]
}
